
Microsoft Visual Studio Solution File, Format Version 12.00
# Visual Studio Version 16
VisualStudioVersion = 16.0.29905.134
MinimumVisualStudioVersion = 10.0.40219.1
Project("{FAE04EC0-301F-11D3-BF4B-00C04F79EFBC}") = "Web_Access", "Web_Access.csproj", "{E0D43B2F-14DE-4D13-A5E3-250E4F427F33}"
EndProject
Global
	GlobalSection(SolutionConfigurationPlatforms) = preSolution
		Debug|Any CPU = Debug|Any CPU
		Release|Any CPU = Release|Any CPU
	EndGlobalSection
	GlobalSection(ProjectConfigurationPlatforms) = postSolution
		{E0D43B2F-14DE-4D13-A5E3-250E4F427F33}.Debug|Any CPU.ActiveCfg = Debug|Any CPU
		{E0D43B2F-14DE-4D13-A5E3-250E4F427F33}.Debug|Any CPU.Build.0 = Debug|Any CPU
		{E0D43B2F-14DE-4D13-A5E3-250E4F427F33}.Release|Any CPU.ActiveCfg = Release|Any CPU
		{E0D43B2F-14DE-4D13-A5E3-250E4F427F33}.Release|Any CPU.Build.0 = Release|Any CPU
	EndGlobalSection
	GlobalSection(SolutionProperties) = preSolution
		HideSolutionNode = FALSE
	EndGlobalSection
	GlobalSection(ExtensibilityGlobals) = postSolution
		SolutionGuid = {97EEF45E-C6BF-4B88-B973-49BA239BC35F}
	EndGlobalSection
EndGlobal
